{
  "name": "johan-cho.github.io",
  "lockfileVersion": 3,
  "requires": true,
  "packages": {
    "": {
      "dependencies": {
        "@types/highlight.js": "^10.1.0",
        "@types/plotly.js-basic-dist": "^1.54.4",
        "highlight.js": "^11.9.0",
        "plotly": "^1.0.6"
      }
    },
    "node_modules/@types/highlight.js": {
      "version": "10.1.0",
      "resolved": "https://registry.npmjs.org/@types/highlight.js/-/highlight.js-10.1.0.tgz",
      "integrity": "sha512-77hF2dGBsOgnvZll1vymYiNUtqJ8cJfXPD6GG/2M0aLRc29PkvB7Au6sIDjIEFcSICBhCh2+Pyq6WSRS7LUm6A==",
      "deprecated": "This is a stub types definition. highlight.js provides its own type definitions, so you do not need this installed.",
      "dependencies": {
        "highlight.js": "*"
      }
    },
    "node_modules/@types/plotly.js": {
      "version": "2.29.5",
      "resolved": "https://registry.npmjs.org/@types/plotly.js/-/plotly.js-2.29.5.tgz",
      "integrity": "sha512-VPaCOCUTHLbtQxur7o7RqKL7/hEDtgYZcXL41o4xe9mqZ4HVxbC70j0lTsCdiVp2SI+BYsER4oPO+ck17jtnkg=="
    },
    "node_modules/@types/plotly.js-basic-dist": {
      "version": "1.54.4",
      "resolved": "https://registry.npmjs.org/@types/plotly.js-basic-dist/-/plotly.js-basic-dist-1.54.4.tgz",
      "integrity": "sha512-4Hwb5fB4sa3+SlgIDu4kfnUzhfJO789Drh7w5LvU6VglzYRcziztckvejbsnaP/TTRuiqIzLLRwqoflD6o1mKg==",
      "dependencies": {
        "@types/plotly.js": "*"
      }
    },
    "node_modules/highlight.js": {
      "version": "11.9.0",
      "resolved": "https://registry.npmjs.org/highlight.js/-/highlight.js-11.9.0.tgz",
      "integrity": "sha512-fJ7cW7fQGCYAkgv4CPfwFHrfd/cLS4Hau96JuJ+ZTOWhjnhoeN1ub1tFmALm/+lW5z4WCAuAV9bm05AP0mS6Gw==",
      "engines": {
        "node": ">=12.0.0"
      }
    },
    "node_modules/minimist": {
      "version": "1.2.8",
      "resolved": "https://registry.npmjs.org/minimist/-/minimist-1.2.8.tgz",
      "integrity": "sha512-2yyAR8qBkN3YuheJanUpWC5U3bb5osDywNB8RzDVlDwDHbocAJveqqj1u8+SVD7jkWT4yvsHCpWqqWqAxb0zCA==",
      "funding": {
        "url": "https://github.com/sponsors/ljharb"
      }
    },
    "node_modules/mkdirp": {
      "version": "0.5.6",
      "resolved": "https://registry.npmjs.org/mkdirp/-/mkdirp-0.5.6.tgz",
      "integrity": "sha512-FP+p8RB8OWpF3YZBCrP5gtADmtXApB5AMLn+vdyA+PyxCjrCs00mjyUozssO33cwDeT3wNGdLxJ5M//YqtHAJw==",
      "dependencies": {
        "minimist": "^1.2.6"
      },
      "bin": {
        "mkdirp": "bin/cmd.js"
      }
    },
    "node_modules/plotly": {
      "version": "1.0.6",
      "resolved": "https://registry.npmjs.org/plotly/-/plotly-1.0.6.tgz",
      "integrity": "sha512-9DoPWfLJWxqXg6omu1Oj7qkvyOce0Nv+X+2SOoI9lG9mbvA7S/qGVHypwrGMV3r53ruW1Fl1A9a7ZIPt22FrpA==",
      "dependencies": {
        "mkdirp": "~0.5.0"
      }
    }
  }
}
